
Microsoft Visual Studio Solution File, Format Version 12.00
# Visual Studio Version 17
VisualStudioVersion = 17.10.35027.167
MinimumVisualStudioVersion = 10.0.40219.1
Project("{9A19103F-16F7-4668-BE54-9A1E7A4F7556}") = "HCLSWebAPI", "HCLSWebAPI\HCLSWebAPI.csproj", "{30A3D74B-6B0E-45F2-BF49-7E5B67E948BD}"
EndProject
Project("{FAE04EC0-301F-11D3-BF4B-00C04F79EFBC}") = "HCLSProjectTest", "HCLSProjectTest\HCLSProjectTest.csproj", "{6E49FBA3-51B7-4918-85ED-FA247A92897C}"
EndProject
Global
	GlobalSection(SolutionConfigurationPlatforms) = preSolution
		Debug|Any CPU = Debug|Any CPU
		Release|Any CPU = Release|Any CPU
	EndGlobalSection
	GlobalSection(ProjectConfigurationPlatforms) = postSolution
		{30A3D74B-6B0E-45F2-BF49-7E5B67E948BD}.Debug|Any CPU.ActiveCfg = Debug|Any CPU
		{30A3D74B-6B0E-45F2-BF49-7E5B67E948BD}.Debug|Any CPU.Build.0 = Debug|Any CPU
		{30A3D74B-6B0E-45F2-BF49-7E5B67E948BD}.Release|Any CPU.ActiveCfg = Release|Any CPU
		{30A3D74B-6B0E-45F2-BF49-7E5B67E948BD}.Release|Any CPU.Build.0 = Release|Any CPU
		{6E49FBA3-51B7-4918-85ED-FA247A92897C}.Debug|Any CPU.ActiveCfg = Debug|Any CPU
		{6E49FBA3-51B7-4918-85ED-FA247A92897C}.Debug|Any CPU.Build.0 = Debug|Any CPU
		{6E49FBA3-51B7-4918-85ED-FA247A92897C}.Release|Any CPU.ActiveCfg = Release|Any CPU
		{6E49FBA3-51B7-4918-85ED-FA247A92897C}.Release|Any CPU.Build.0 = Release|Any CPU
	EndGlobalSection
	GlobalSection(SolutionProperties) = preSolution
		HideSolutionNode = FALSE
	EndGlobalSection
	GlobalSection(ExtensibilityGlobals) = postSolution
		SolutionGuid = {17B5A5EF-57AD-4E46-9712-AE37FDD0F573}
	EndGlobalSection
EndGlobal
